{
  "name": "academic-pipeline",
  "version": "1.0.0",
  "lockfileVersion": 3,
  "requires": true,
  "packages": {
    "": {
      "name": "academic-pipeline",
      "version": "1.0.0",
      "devDependencies": {
        "groq-sdk": "^1.6.0"
      }
    },
    "node_modules/groq-sdk": {
      "version": "1.6.0",
      "resolved": "https://registry.npmmirror.com/groq-sdk/-/groq-sdk-1.6.0.tgz",
      "integrity": "sha512-ggMgo6n84aZdNObgkSbSxWrdAq4wABsViIRb5e4N15bMUtDLZVhqlgZOI7X4TeqdBMdaVUOuUdZxAZIp06u0vw==",
      "dev": true,
      "license": "Apache-2.0",
      "bin": {
        "groq-sdk": "bin/cli"
      }
    }
  }
}
